{
  "name": "capacitor-plugin-ios-webview-configurator",
  "version": "0.4.0",
  "lockfileVersion": 3,
  "requires": true,
  "packages": {
    "": {
      "name": "capacitor-plugin-ios-webview-configurator",
      "version": "0.4.0",
      "license": "MIT",
      "dependencies": {
        "@capacitor/android": "^7.0.0",
        "@capacitor/core": "^7.0.0",
        "@capacitor/ios": "^7.0.0"
      },
      "devDependencies": {
        "typescript": "^5.0.2"
      }
    },
    "node_modules/@capacitor/android": {
      "version": "7.0.0",
      "resolved": "https://registry.npmjs.org/@capacitor/android/-/android-7.0.0.tgz",
      "integrity": "sha512-T7WMJPGlzEzNFI3s3lA8F2H6XyYzQM8OwgIfPKOAbawc6Fq669ABKIpfNPzsQHR1kVxH3cMHYSkDaPMgJyDdXQ==",
      "peerDependencies": {
        "@capacitor/core": "^7.0.0"
      }
    },
    "node_modules/@capacitor/core": {
      "version": "7.0.0",
      "resolved": "https://registry.npmjs.org/@capacitor/core/-/core-7.0.0.tgz",
      "integrity": "sha512-JMJxPi/tHeOR/I87/P0kc1DUKrj+XfXlYTnNZ8sCp4LA/MPLkTOzpZm3cga7fTY0nWaSqLll2xalrC0psQBfuA==",
      "dependencies": {
        "tslib": "^2.1.0"
      }
    },
    "node_modules/@capacitor/ios": {
      "version": "7.0.0",
      "resolved": "https://registry.npmjs.org/@capacitor/ios/-/ios-7.0.0.tgz",
      "integrity": "sha512-FuCoTx2HRYPhIUOT+J87rHkjT4m1yNLsIaG5/qkt9JG5k3KIYATKbp8EHjtLAMqyJWJKBmjkjpFExNesr/t6kA==",
      "peerDependencies": {
        "@capacitor/core": "^7.0.0"
      }
    },
    "node_modules/tslib": {
      "version": "2.8.1",
      "resolved": "https://registry.npmjs.org/tslib/-/tslib-2.8.1.tgz",
      "integrity": "sha512-oJFu94HQb+KVduSUQL7wnpmqnfmLsOA/nAh6b6EH0wCEoK0/mPeXU6c3wKDV83MkOuHPRHtSXKKU99IBazS/2w=="
    },
    "node_modules/typescript": {
      "version": "5.0.2",
      "resolved": "https://registry.npmjs.org/typescript/-/typescript-5.0.2.tgz",
      "integrity": "sha512-wVORMBGO/FAs/++blGNeAVdbNKtIh1rbBL2EyQ1+J9lClJ93KiiKe8PmFIVdXhHcyv44SL9oglmfeSsndo0jRw==",
      "dev": true,
      "bin": {
        "tsc": "bin/tsc",
        "tsserver": "bin/tsserver"
      },
      "engines": {
        "node": ">=12.20"
      }
    }
  }
}
